// !$*UTF8*$!
{
	archiveVersion = 1;
	classes = {
	};
	objectVersion = 51;
	objects = {

/* Begin PBXBuildFile section */
		200D701FB489A41A95D53EF0 /* Pods_TableViewCourse.framework in Frameworks */ = {isa = PBXBuildFile; fileRef = 8D0960BEC446E47C692DA5C0 /* Pods_TableViewCourse.framework */; };
		BC277F6A22B622EE00ECCB23 /* NewPlaceViewController.swift in Sources */ = {isa = PBXBuildFile; fileRef = BC277F6922B622EE00ECCB23 /* NewPlaceViewController.swift */; };
		BC277F6C22B65B6D00ECCB23 /* StorageManager.swift in Sources */ = {isa = PBXBuildFile; fileRef = BC277F6B22B65B6D00ECCB23 /* StorageManager.swift */; };
		BCE82E6E22B560030026A579 /* AppDelegate.swift in Sources */ = {isa = PBXBuildFile; fileRef = BCE82E6D22B560030026A579 /* AppDelegate.swift */; };
		BCE82E7322B560030026A579 /* Main.storyboard in Resources */ = {isa = PBXBuildFile; fileRef = BCE82E7122B560030026A579 /* Main.storyboard */; };
		BCE82E7822B560060026A579 /* LaunchScreen.storyboard in Resources */ = {isa = PBXBuildFile; fileRef = BCE82E7622B560060026A579 /* LaunchScreen.storyboard */; };
		BCE82E8022B560600026A579 /* MainViewController.swift in Sources */ = {isa = PBXBuildFile; fileRef = BCE82E7F22B560600026A579 /* MainViewController.swift */; };
		BCE82E8122B56B450026A579 /* Assets.xcassets in Resources */ = {isa = PBXBuildFile; fileRef = BCE82E7422B560060026A579 /* Assets.xcassets */; };
		BCE82E8322B570D70026A579 /* CustomTableViewCell.swift in Sources */ = {isa = PBXBuildFile; fileRef = BCE82E8222B570D70026A579 /* CustomTableViewCell.swift */; };
		BCEA8DE622B613A400150523 /* PlaceModel.swift in Sources */ = {isa = PBXBuildFile; fileRef = BCEA8DE522B613A400150523 /* PlaceModel.swift */; };
		BCEB942622B89AFF00698B17 /* MapViewController.swift in Sources */ = {isa = PBXBuildFile; fileRef = BCEB942522B89AFF00698B17 /* MapViewController.swift */; };
/* End PBXBuildFile section */

/* Begin PBXFileReference section */
		2F5C84AAA87227CFA9383E02 /* Pods-TableViewCourse.debug.xcconfig */ = {isa = PBXFileReference; includeInIndex = 1; lastKnownFileType = text.xcconfig; name = "Pods-TableViewCourse.debug.xcconfig"; path = "Target Support Files/Pods-TableViewCourse/Pods-TableViewCourse.debug.xcconfig"; sourceTree = "<group>"; };
		5889463C3C84328B47C3BD57 /* Pods-TableViewCourse.release.xcconfig */ = {isa = PBXFileReference; includeInIndex = 1; lastKnownFileType = text.xcconfig; name = "Pods-TableViewCourse.release.xcconfig"; path = "Target Support Files/Pods-TableViewCourse/Pods-TableViewCourse.release.xcconfig"; sourceTree = "<group>"; };
		8D0960BEC446E47C692DA5C0 /* Pods_TableViewCourse.framework */ = {isa = PBXFileReference; explicitFileType = wrapper.framework; includeInIndex = 0; path = Pods_TableViewCourse.framework; sourceTree = BUILT_PRODUCTS_DIR; };
		BC277F6922B622EE00ECCB23 /* NewPlaceViewController.swift */ = {isa = PBXFileReference; lastKnownFileType = sourcecode.swift; path = NewPlaceViewController.swift; sourceTree = "<group>"; };
		BC277F6B22B65B6D00ECCB23 /* StorageManager.swift */ = {isa = PBXFileReference; lastKnownFileType = sourcecode.swift; path = StorageManager.swift; sourceTree = "<group>"; };
		BCE82E6A22B560030026A579 /* TableViewCourse.app */ = {isa = PBXFileReference; explicitFileType = wrapper.application; includeInIndex = 0; path = TableViewCourse.app; sourceTree = BUILT_PRODUCTS_DIR; };
		BCE82E6D22B560030026A579 /* AppDelegate.swift */ = {isa = PBXFileReference; lastKnownFileType = sourcecode.swift; path = AppDelegate.swift; sourceTree = "<group>"; };
		BCE82E7222B560030026A579 /* Base */ = {isa = PBXFileReference; lastKnownFileType = file.storyboard; name = Base; path = Base.lproj/Main.storyboard; sourceTree = "<group>"; };
		BCE82E7422B560060026A579 /* Assets.xcassets */ = {isa = PBXFileReference; lastKnownFileType = folder.assetcatalog; name = Assets.xcassets; path = TableViewCourse/Assets.xcassets; sourceTree = SOURCE_ROOT; };
		BCE82E7722B560060026A579 /* Base */ = {isa = PBXFileReference; lastKnownFileType = file.storyboard; name = Base; path = Base.lproj/LaunchScreen.storyboard; sourceTree = "<group>"; };
		BCE82E7922B560060026A579 /* Info.plist */ = {isa = PBXFileReference; lastKnownFileType = text.plist.xml; path = Info.plist; sourceTree = "<group>"; };
		BCE82E7F22B560600026A579 /* MainViewController.swift */ = {isa = PBXFileReference; lastKnownFileType = sourcecode.swift; path = MainViewController.swift; sourceTree = "<group>"; };
		BCE82E8222B570D70026A579 /* CustomTableViewCell.swift */ = {isa = PBXFileReference; lastKnownFileType = sourcecode.swift; path = CustomTableViewCell.swift; sourceTree = "<group>"; };
		BCEA8DE522B613A400150523 /* PlaceModel.swift */ = {isa = PBXFileReference; lastKnownFileType = sourcecode.swift; path = PlaceModel.swift; sourceTree = "<group>"; };
		BCEB942522B89AFF00698B17 /* MapViewController.swift */ = {isa = PBXFileReference; lastKnownFileType = sourcecode.swift; path = MapViewController.swift; sourceTree = "<group>"; };
/* End PBXFileReference section */

/* Begin PBXFrameworksBuildPhase section */
		BCE82E6722B560030026A579 /* Frameworks */ = {
			isa = PBXFrameworksBuildPhase;
			buildActionMask = 2147483647;
			files = (
				200D701FB489A41A95D53EF0 /* Pods_TableViewCourse.framework in Frameworks */,
			);
			runOnlyForDeploymentPostprocessing = 0;
		};
/* End PBXFrameworksBuildPhase section */

/* Begin PBXGroup section */
		8DCA34487386BECCA1C5B20B /* Frameworks */ = {
			isa = PBXGroup;
			children = (
				8D0960BEC446E47C692DA5C0 /* Pods_TableViewCourse.framework */,
			);
			name = Frameworks;
			sourceTree = "<group>";
		};
		AC9CC4918EBF65B9D6A553F4 /* Pods */ = {
			isa = PBXGroup;
			children = (
				2F5C84AAA87227CFA9383E02 /* Pods-TableViewCourse.debug.xcconfig */,
				5889463C3C84328B47C3BD57 /* Pods-TableViewCourse.release.xcconfig */,
			);
			path = Pods;
			sourceTree = "<group>";
		};
		BCE82E6122B560030026A579 = {
			isa = PBXGroup;
			children = (
				BCE82E6C22B560030026A579 /* TableViewCourse */,
				BCE82E6B22B560030026A579 /* Products */,
				AC9CC4918EBF65B9D6A553F4 /* Pods */,
				8DCA34487386BECCA1C5B20B /* Frameworks */,
			);
			sourceTree = "<group>";
		};
		BCE82E6B22B560030026A579 /* Products */ = {
			isa = PBXGroup;
			children = (
				BCE82E6A22B560030026A579 /* TableViewCourse.app */,
			);
			name = Products;
			sourceTree = "<group>";
		};
		BCE82E6C22B560030026A579 /* TableViewCourse */ = {
			isa = PBXGroup;
			children = (
				BCE82E6D22B560030026A579 /* AppDelegate.swift */,
				BCE82E7122B560030026A579 /* Main.storyboard */,
				BCEB942522B89AFF00698B17 /* MapViewController.swift */,
				BC277F6922B622EE00ECCB23 /* NewPlaceViewController.swift */,
				BCEA8DE522B613A400150523 /* PlaceModel.swift */,
				BC277F6B22B65B6D00ECCB23 /* StorageManager.swift */,
				BCE82E8222B570D70026A579 /* CustomTableViewCell.swift */,
				BCE82E7F22B560600026A579 /* MainViewController.swift */,
				BCE82E7422B560060026A579 /* Assets.xcassets */,
				BCE82E7622B560060026A579 /* LaunchScreen.storyboard */,
				BCE82E7922B560060026A579 /* Info.plist */,
			);
			path = TableViewCourse;
			sourceTree = "<group>";
		};
/* End PBXGroup section */

/* Begin PBXNativeTarget section */
		BCE82E6922B560030026A579 /* TableViewCourse */ = {
			isa = PBXNativeTarget;
			buildConfigurationList = BCE82E7C22B560060026A579 /* Build configuration list for PBXNativeTarget "TableViewCourse" */;
			buildPhases = (
				7AF3BFE9939E6E1A1F805415 /* [CP] Check Pods Manifest.lock */,
				BCE82E6622B560030026A579 /* Sources */,
				BCE82E6722B560030026A579 /* Frameworks */,
				BCE82E6822B560030026A579 /* Resources */,
				1A31C985621CF3AF533D4CB8 /* [CP] Embed Pods Frameworks */,
			);
			buildRules = (
			);
			dependencies = (
			);
			name = TableViewCourse;
			productName = TableViewCourse;
			productReference = BCE82E6A22B560030026A579 /* TableViewCourse.app */;
			productType = "com.apple.product-type.application";
		};
/* End PBXNativeTarget section */

/* Begin PBXProject section */
		BCE82E6222B560030026A579 /* Project object */ = {
			isa = PBXProject;
			attributes = {
				LastSwiftUpdateCheck = 1020;
				LastUpgradeCheck = 1020;
				ORGANIZATIONNAME = "Оля";
				TargetAttributes = {
					BCE82E6922B560030026A579 = {
						CreatedOnToolsVersion = 10.2.1;
					};
				};
			};
			buildConfigurationList = BCE82E6522B560030026A579 /* Build configuration list for PBXProject "TableViewCourse" */;
			compatibilityVersion = "Xcode 9.3";
			developmentRegion = en;
			hasScannedForEncodings = 0;
			knownRegions = (
				en,
				Base,
			);
			mainGroup = BCE82E6122B560030026A579;
			productRefGroup = BCE82E6B22B560030026A579 /* Products */;
			projectDirPath = "";
			projectRoot = "";
			targets = (
				BCE82E6922B560030026A579 /* TableViewCourse */,
			);
		};
/* End PBXProject section */

/* Begin PBXResourcesBuildPhase section */
		BCE82E6822B560030026A579 /* Resources */ = {
			isa = PBXResourcesBuildPhase;
			buildActionMask = 2147483647;
			files = (
				BCE82E7822B560060026A579 /* LaunchScreen.storyboard in Resources */,
				BCE82E8122B56B450026A579 /* Assets.xcassets in Resources */,
				BCE82E7322B560030026A579 /* Main.storyboard in Resources */,
			);
			runOnlyForDeploymentPostprocessing = 0;
		};
/* End PBXResourcesBuildPhase section */

/* Begin PBXShellScriptBuildPhase section */
		1A31C985621CF3AF533D4CB8 /* [CP] Embed Pods Frameworks */ = {
			isa = PBXShellScriptBuildPhase;
			buildActionMask = 2147483647;
			files = (
			);
			inputFileListPaths = (
				"${PODS_ROOT}/Target Support Files/Pods-TableViewCourse/Pods-TableViewCourse-frameworks-${CONFIGURATION}-input-files.xcfilelist",
			);
			name = "[CP] Embed Pods Frameworks";
			outputFileListPaths = (
				"${PODS_ROOT}/Target Support Files/Pods-TableViewCourse/Pods-TableViewCourse-frameworks-${CONFIGURATION}-output-files.xcfilelist",
			);
			runOnlyForDeploymentPostprocessing = 0;
			shellPath = /bin/sh;
			shellScript = "\"${PODS_ROOT}/Target Support Files/Pods-TableViewCourse/Pods-TableViewCourse-frameworks.sh\"\n";
			showEnvVarsInLog = 0;
		};
		7AF3BFE9939E6E1A1F805415 /* [CP] Check Pods Manifest.lock */ = {
			isa = PBXShellScriptBuildPhase;
			buildActionMask = 2147483647;
			files = (
			);
			inputFileListPaths = (
			);
			inputPaths = (
				"${PODS_PODFILE_DIR_PATH}/Podfile.lock",
				"${PODS_ROOT}/Manifest.lock",
			);
			name = "[CP] Check Pods Manifest.lock";
			outputFileListPaths = (
			);
			outputPaths = (
				"$(DERIVED_FILE_DIR)/Pods-TableViewCourse-checkManifestLockResult.txt",
			);
			runOnlyForDeploymentPostprocessing = 0;
			shellPath = /bin/sh;
			shellScript = "diff \"${PODS_PODFILE_DIR_PATH}/Podfile.lock\" \"${PODS_ROOT}/Manifest.lock\" > /dev/null\nif [ $? != 0 ] ; then\n    # print error to STDERR\n    echo \"error: The sandbox is not in sync with the Podfile.lock. Run 'pod install' or update your CocoaPods installation.\" >&2\n    exit 1\nfi\n# This output is used by Xcode 'outputs' to avoid re-running this script phase.\necho \"SUCCESS\" > \"${SCRIPT_OUTPUT_FILE_0}\"\n";
			showEnvVarsInLog = 0;
		};
/* End PBXShellScriptBuildPhase section */

/* Begin PBXSourcesBuildPhase section */
		BCE82E6622B560030026A579 /* Sources */ = {
			isa = PBXSourcesBuildPhase;
			buildActionMask = 2147483647;
			files = (
				BCE82E8322B570D70026A579 /* CustomTableViewCell.swift in Sources */,
				BCEA8DE622B613A400150523 /* PlaceModel.swift in Sources */,
				BC277F6A22B622EE00ECCB23 /* NewPlaceViewController.swift in Sources */,
				BC277F6C22B65B6D00ECCB23 /* StorageManager.swift in Sources */,
				BCE82E6E22B560030026A579 /* AppDelegate.swift in Sources */,
				BCE82E8022B560600026A579 /* MainViewController.swift in Sources */,
				BCEB942622B89AFF00698B17 /* MapViewController.swift in Sources */,
			);
			runOnlyForDeploymentPostprocessing = 0;
		};
/* End PBXSourcesBuildPhase section */

/* Begin PBXVariantGroup section */
		BCE82E7122B560030026A579 /* Main.storyboard */ = {
			isa = PBXVariantGroup;
			children = (
				BCE82E7222B560030026A579 /* Base */,
			);
			name = Main.storyboard;
			sourceTree = "<group>";
		};
		BCE82E7622B560060026A579 /* LaunchScreen.storyboard */ = {
			isa = PBXVariantGroup;
			children = (
				BCE82E7722B560060026A579 /* Base */,
			);
			name = LaunchScreen.storyboard;
			sourceTree = "<group>";
		};
/* End PBXVariantGroup section */

/* Begin XCBuildConfiguration section */
		BCE82E7A22B560060026A579 /* Debug */ = {
			isa = XCBuildConfiguration;
			buildSettings = {
				ALWAYS_SEARCH_USER_PATHS = NO;
				CLANG_ANALYZER_NONNULL = YES;
				CLANG_ANALYZER_NUMBER_OBJECT_CONVERSION = YES_AGGRESSIVE;
				CLANG_CXX_LANGUAGE_STANDARD = "gnu++14";
				CLANG_CXX_LIBRARY = "libc++";
				CLANG_ENABLE_MODULES = YES;
				CLANG_ENABLE_OBJC_ARC = YES;
				CLANG_ENABLE_OBJC_WEAK = YES;
				CLANG_WARN_BLOCK_CAPTURE_AUTORELEASING = YES;
				CLANG_WARN_BOOL_CONVERSION = YES;
				CLANG_WARN_COMMA = YES;
				CLANG_WARN_CONSTANT_CONVERSION = YES;
				CLANG_WARN_DEPRECATED_OBJC_IMPLEMENTATIONS = YES;
				CLANG_WARN_DIRECT_OBJC_ISA_USAGE = YES_ERROR;
				CLANG_WARN_DOCUMENTATION_COMMENTS = YES;
				CLANG_WARN_EMPTY_BODY = YES;
				CLANG_WARN_ENUM_CONVERSION = YES;
				CLANG_WARN_INFINITE_RECURSION = YES;
				CLANG_WARN_INT_CONVERSION = YES;
				CLANG_WARN_NON_LITERAL_NULL_CONVERSION = YES;
				CLANG_WARN_OBJC_IMPLICIT_RETAIN_SELF = YES;
				CLANG_WARN_OBJC_LITERAL_CONVERSION = YES;
				CLANG_WARN_OBJC_ROOT_CLASS = YES_ERROR;
				CLANG_WARN_RANGE_LOOP_ANALYSIS = YES;
				CLANG_WARN_STRICT_PROTOTYPES = YES;
				CLANG_WARN_SUSPICIOUS_MOVE = YES;
				CLANG_WARN_UNGUARDED_AVAILABILITY = YES_AGGRESSIVE;
				CLANG_WARN_UNREACHABLE_CODE = YES;
				CLANG_WARN__DUPLICATE_METHOD_MATCH = YES;
				CODE_SIGN_IDENTITY = "iPhone Developer";
				COPY_PHASE_STRIP = NO;
				DEBUG_INFORMATION_FORMAT = dwarf;
				ENABLE_STRICT_OBJC_MSGSEND = YES;
				ENABLE_TESTABILITY = YES;
				GCC_C_LANGUAGE_STANDARD = gnu11;
				GCC_DYNAMIC_NO_PIC = NO;
				GCC_NO_COMMON_BLOCKS = YES;
				GCC_OPTIMIZATION_LEVEL = 0;
				GCC_PREPROCESSOR_DEFINITIONS = (
					"DEBUG=1",
					"$(inherited)",
				);
				GCC_WARN_64_TO_32_BIT_CONVERSION = YES;
				GCC_WARN_ABOUT_RETURN_TYPE = YES_ERROR;
				GCC_WARN_UNDECLARED_SELECTOR = YES;
				GCC_WARN_UNINITIALIZED_AUTOS = YES_AGGRESSIVE;
				GCC_WARN_UNUSED_FUNCTION = YES;
				GCC_WARN_UNUSED_VARIABLE = YES;
				IPHONEOS_DEPLOYMENT_TARGET = 12.2;
				MTL_ENABLE_DEBUG_INFO = INCLUDE_SOURCE;
				MTL_FAST_MATH = YES;
				ONLY_ACTIVE_ARCH = YES;
				SDKROOT = iphoneos;
				SWIFT_ACTIVE_COMPILATION_CONDITIONS = DEBUG;
				SWIFT_OPTIMIZATION_LEVEL = "-Onone";
			};
			name = Debug;
		};
		BCE82E7B22B560060026A579 /* Release */ = {
			isa = XCBuildConfiguration;
			buildSettings = {
				ALWAYS_SEARCH_USER_PATHS = NO;
				CLANG_ANALYZER_NONNULL = YES;
				CLANG_ANALYZER_NUMBER_OBJECT_CONVERSION = YES_AGGRESSIVE;
				CLANG_CXX_LANGUAGE_STANDARD = "gnu++14";
				CLANG_CXX_LIBRARY = "libc++";
				CLANG_ENABLE_MODULES = YES;
				CLANG_ENABLE_OBJC_ARC = YES;
				CLANG_ENABLE_OBJC_WEAK = YES;
				CLANG_WARN_BLOCK_CAPTURE_AUTORELEASING = YES;
				CLANG_WARN_BOOL_CONVERSION = YES;
				CLANG_WARN_COMMA = YES;
				CLANG_WARN_CONSTANT_CONVERSION = YES;
				CLANG_WARN_DEPRECATED_OBJC_IMPLEMENTATIONS = YES;
				CLANG_WARN_DIRECT_OBJC_ISA_USAGE = YES_ERROR;
				CLANG_WARN_DOCUMENTATION_COMMENTS = YES;
				CLANG_WARN_EMPTY_BODY = YES;
				CLANG_WARN_ENUM_CONVERSION = YES;
				CLANG_WARN_INFINITE_RECURSION = YES;
				CLANG_WARN_INT_CONVERSION = YES;
				CLANG_WARN_NON_LITERAL_NULL_CONVERSION = YES;
				CLANG_WARN_OBJC_IMPLICIT_RETAIN_SELF = YES;
				CLANG_WARN_OBJC_LITERAL_CONVERSION = YES;
				CLANG_WARN_OBJC_ROOT_CLASS = YES_ERROR;
				CLANG_WARN_RANGE_LOOP_ANALYSIS = YES;
				CLANG_WARN_STRICT_PROTOTYPES = YES;
				CLANG_WARN_SUSPICIOUS_MOVE = YES;
				CLANG_WARN_UNGUARDED_AVAILABILITY = YES_AGGRESSIVE;
				CLANG_WARN_UNREACHABLE_CODE = YES;
				CLANG_WARN__DUPLICATE_METHOD_MATCH = YES;
				CODE_SIGN_IDENTITY = "iPhone Developer";
				COPY_PHASE_STRIP = NO;
				DEBUG_INFORMATION_FORMAT = "dwarf-with-dsym";
				ENABLE_NS_ASSERTIONS = NO;
				ENABLE_STRICT_OBJC_MSGSEND = YES;
				GCC_C_LANGUAGE_STANDARD = gnu11;
				GCC_NO_COMMON_BLOCKS = YES;
				GCC_WARN_64_TO_32_BIT_CONVERSION = YES;
				GCC_WARN_ABOUT_RETURN_TYPE = YES_ERROR;
				GCC_WARN_UNDECLARED_SELECTOR = YES;
				GCC_WARN_UNINITIALIZED_AUTOS = YES_AGGRESSIVE;
				GCC_WARN_UNUSED_FUNCTION = YES;
				GCC_WARN_UNUSED_VARIABLE = YES;
				IPHONEOS_DEPLOYMENT_TARGET = 12.2;
				MTL_ENABLE_DEBUG_INFO = NO;
				MTL_FAST_MATH = YES;
				SDKROOT = iphoneos;
				SWIFT_COMPILATION_MODE = wholemodule;
				SWIFT_OPTIMIZATION_LEVEL = "-O";
				VALIDATE_PRODUCT = YES;
			};
			name = Release;
		};
		BCE82E7D22B560060026A579 /* Debug */ = {
			isa = XCBuildConfiguration;
			baseConfigurationReference = 2F5C84AAA87227CFA9383E02 /* Pods-TableViewCourse.debug.xcconfig */;
			buildSettings = {
				ASSETCATALOG_COMPILER_APPICON_NAME = AppIcon;
				CODE_SIGN_STYLE = Automatic;
				DEVELOPMENT_TEAM = VFNQ3L7ACA;
				INFOPLIST_FILE = TableViewCourse/Info.plist;
				LD_RUNPATH_SEARCH_PATHS = (
					"$(inherited)",
					"@executable_path/Frameworks",
				);
				PRODUCT_BUNDLE_IDENTIFIER = ru.opd.TableViewCourse;
				PRODUCT_NAME = "$(TARGET_NAME)";
				SWIFT_VERSION = 5.0;
				TARGETED_DEVICE_FAMILY = "1,2";
			};
			name = Debug;
		};
		BCE82E7E22B560060026A579 /* Release */ = {
			isa = XCBuildConfiguration;
			baseConfigurationReference = 5889463C3C84328B47C3BD57 /* Pods-TableViewCourse.release.xcconfig */;
			buildSettings = {
				ASSETCATALOG_COMPILER_APPICON_NAME = AppIcon;
				CODE_SIGN_STYLE = Automatic;
				DEVELOPMENT_TEAM = VFNQ3L7ACA;
				INFOPLIST_FILE = TableViewCourse/Info.plist;
				LD_RUNPATH_SEARCH_PATHS = (
					"$(inherited)",
					"@executable_path/Frameworks",
				);
				PRODUCT_BUNDLE_IDENTIFIER = ru.opd.TableViewCourse;
				PRODUCT_NAME = "$(TARGET_NAME)";
				SWIFT_VERSION = 5.0;
				TARGETED_DEVICE_FAMILY = "1,2";
			};
			name = Release;
		};
/* End XCBuildConfiguration section */

/* Begin XCConfigurationList section */
		BCE82E6522B560030026A579 /* Build configuration list for PBXProject "TableViewCourse" */ = {
			isa = XCConfigurationList;
			buildConfigurations = (
				BCE82E7A22B560060026A579 /* Debug */,
				BCE82E7B22B560060026A579 /* Release */,
			);
			defaultConfigurationIsVisible = 0;
			defaultConfigurationName = Release;
		};
		BCE82E7C22B560060026A579 /* Build configuration list for PBXNativeTarget "TableViewCourse" */ = {
			isa = XCConfigurationList;
			buildConfigurations = (
				BCE82E7D22B560060026A579 /* Debug */,
				BCE82E7E22B560060026A579 /* Release */,
			);
			defaultConfigurationIsVisible = 0;
			defaultConfigurationName = Release;
		};
/* End XCConfigurationList section */
	};
	rootObject = BCE82E6222B560030026A579 /* Project object */;
}
